
Microsoft Visual Studio Solution File, Format Version 12.00
# Visual Studio Version 16
VisualStudioVersion = 16.0.30523.141
MinimumVisualStudioVersion = 10.0.40219.1
Project("{FAE04EC0-301F-11D3-BF4B-00C04F79EFBC}") = "MyFirstSPDVI_consuleUi", "MyFirstSPDVI_consuleUi\MyFirstSPDVI_consuleUi.csproj", "{62F0D6F7-7DAA-4768-92D0-66B6B70B99BA}"
EndProject
Global
	GlobalSection(SolutionConfigurationPlatforms) = preSolution
		Debug|Any CPU = Debug|Any CPU
		Release|Any CPU = Release|Any CPU
	EndGlobalSection
	GlobalSection(ProjectConfigurationPlatforms) = postSolution
		{62F0D6F7-7DAA-4768-92D0-66B6B70B99BA}.Debug|Any CPU.ActiveCfg = Debug|Any CPU
		{62F0D6F7-7DAA-4768-92D0-66B6B70B99BA}.Debug|Any CPU.Build.0 = Debug|Any CPU
		{62F0D6F7-7DAA-4768-92D0-66B6B70B99BA}.Release|Any CPU.ActiveCfg = Release|Any CPU
		{62F0D6F7-7DAA-4768-92D0-66B6B70B99BA}.Release|Any CPU.Build.0 = Release|Any CPU
	EndGlobalSection
	GlobalSection(SolutionProperties) = preSolution
		HideSolutionNode = FALSE
	EndGlobalSection
	GlobalSection(ExtensibilityGlobals) = postSolution
		SolutionGuid = {5D3F56AC-B5F5-4DD6-87B7-206AF1C59A3F}
	EndGlobalSection
EndGlobal
